
Microsoft Visual Studio Solution File, Format Version 10.00
# Visual Studio 2008
Project("{8BC9CEB8-8B4A-11D0-8D11-00A0C91BC942}") = "adif", "adif.vcproj", "{D64F6D1C-569A-4862-932F-262E1A81BE08}"
EndProject
Global
	GlobalSection(SolutionConfigurationPlatforms) = preSolution
		Debug|Win32 = Debug|Win32
		Release|Win32 = Release|Win32
	EndGlobalSection
	GlobalSection(ProjectConfigurationPlatforms) = postSolution
		{D64F6D1C-569A-4862-932F-262E1A81BE08}.Debug|Win32.ActiveCfg = Debug|Win32
		{D64F6D1C-569A-4862-932F-262E1A81BE08}.Debug|Win32.Build.0 = Debug|Win32
		{D64F6D1C-569A-4862-932F-262E1A81BE08}.Release|Win32.ActiveCfg = Release|Win32
		{D64F6D1C-569A-4862-932F-262E1A81BE08}.Release|Win32.Build.0 = Release|Win32
	EndGlobalSection
	GlobalSection(SolutionProperties) = preSolution
		HideSolutionNode = FALSE
	EndGlobalSection
EndGlobal
